<?xml version="1.0" encoding="utf-8"?>
<Project ToolsVersion="4.0" xmlns="http://schemas.microsoft.com/developer/msbuild/2003">
  <ItemGroup>
    <Filter Include="Source Files">
      <UniqueIdentifier>{4FC737F1-C7A5-4376-A066-2A32D752A2FF}</UniqueIdentifier>
      <Extensions>cpp;c;cc;cxx;def;odl;idl;hpj;bat;asm;asmx</Extensions>
    </Filter>
    <Filter Include="Header Files">
      <UniqueIdentifier>{93995380-89BD-4b04-88EB-625FBE52EBFB}</UniqueIdentifier>
      <Extensions>h;hh;hpp;hxx;hm;inl;inc;xsd</Extensions>
    </Filter>
    <Filter Include="Resource Files">
      <UniqueIdentifier>{67DA6AB6-F800-4c08-8B7A-83BB121AAD01}</UniqueIdentifier>
      <Extensions>rc;ico;cur;bmp;dlg;rc2;rct;bin;rgs;gif;jpg;jpeg;jpe;resx;tiff;tif;png;wav;mfcribbon-ms</Extensions>
    </Filter>
    <Filter Include="Header Files\GameView">
      <UniqueIdentifier>{4651d762-cbd7-4b7e-884e-1acfb18ec9d9}</UniqueIdentifier>
    </Filter>
    <Filter Include="Source Files\GameView">
      <UniqueIdentifier>{dd6771ff-0019-4a80-a000-bfe859f4e7de}</UniqueIdentifier>
    </Filter>
    <Filter Include="Header Files\GameView\DrawItems">
      <UniqueIdentifier>{3a856945-8673-406b-9ea7-c319c109246e}</UniqueIdentifier>
    </Filter>
    <Filter Include="Source Files\DrawItems">
      <UniqueIdentifier>{97aef9c5-9b04-4485-85c6-0460a685a24c}</UniqueIdentifier>
    </Filter>
    <Filter Include="Header Files\GameView\DrawItemComponents">
      <UniqueIdentifier>{b19853d0-88c6-49d2-ae09-5e093cf54659}</UniqueIdentifier>
    </Filter>
    <Filter Include="Source Files\DrawItemComponents">
      <UniqueIdentifier>{e4161f70-492b-47b0-bbad-ea896f371632}</UniqueIdentifier>
    </Filter>
  </ItemGroup>
  <ItemGroup>
    <ClCompile Include="main.cpp">
      <Filter>Source Files</Filter>
    </ClCompile>
    <ClCompile Include="D3D12Renderer.cpp">
      <Filter>Source Files\GameView</Filter>
    </ClCompile>
    <ClCompile Include="Utility.cpp">
      <Filter>Source Files</Filter>
    </ClCompile>
    <ClCompile Include="GameTimer.cpp">
      <Filter>Source Files</Filter>
    </ClCompile>
    <ClCompile Include="BoxDrawItem.cpp">
      <Filter>Source Files\DrawItems</Filter>
    </ClCompile>
    <ClCompile Include="Scene.cpp">
      <Filter>Source Files</Filter>
    </ClCompile>
    <ClCompile Include="PlaneDrawItem.cpp">
      <Filter>Source Files\DrawItems</Filter>
    </ClCompile>
    <ClCompile Include="UserControllerListener.cpp">
      <Filter>Source Files</Filter>
    </ClCompile>
    <ClCompile Include="CameraNode.cpp">
      <Filter>Source Files</Filter>
    </ClCompile>
    <ClCompile Include="DDSTextureLoader.cpp">
      <Filter>Source Files</Filter>
    </ClCompile>
    <ClCompile Include="DrawItem.cpp">
      <Filter>Source Files\DrawItems</Filter>
    </ClCompile>
    <ClCompile Include="TexturedBox.cpp">
      <Filter>Source Files\DrawItems</Filter>
    </ClCompile>
    <ClCompile Include="TexturedPlane.cpp">
      <Filter>Source Files\DrawItems</Filter>
    </ClCompile>
    <ClCompile Include="Lights.cpp">
      <Filter>Source Files</Filter>
    </ClCompile>
    <ClCompile Include="LoadedDrawItem.cpp">
      <Filter>Source Files</Filter>
    </ClCompile>
    <ClCompile Include="MoveOnInputDrawItemComponent.cpp">
      <Filter>Source Files</Filter>
    </ClCompile>
  </ItemGroup>
  <ItemGroup>
    <ClInclude Include="IRenderer.h">
      <Filter>Header Files\GameView</Filter>
    </ClInclude>
    <ClInclude Include="Utility.h">
      <Filter>Header Files</Filter>
    </ClInclude>
    <ClInclude Include="D3D12Renderer.h">
      <Filter>Header Files\GameView</Filter>
    </ClInclude>
    <ClInclude Include="GameTimer.h">
      <Filter>Header Files</Filter>
    </ClInclude>
    <ClInclude Include="DrawItem.h">
      <Filter>Header Files\GameView\DrawItems</Filter>
    </ClInclude>
    <ClInclude Include="BoxDrawItem.h">
      <Filter>Header Files\GameView\DrawItems</Filter>
    </ClInclude>
    <ClInclude Include="Scene.h">
      <Filter>Header Files</Filter>
    </ClInclude>
    <ClInclude Include="PlaneDrawItem.h">
      <Filter>Header Files\GameView\DrawItems</Filter>
    </ClInclude>
    <ClInclude Include="d3dx12.h">
      <Filter>Header Files</Filter>
    </ClInclude>
    <ClInclude Include="UserControllerListener.h">
      <Filter>Header Files</Filter>
    </ClInclude>
    <ClInclude Include="WindowConstants.h">
      <Filter>Header Files</Filter>
    </ClInclude>
    <ClInclude Include="CameraNode.h">
      <Filter>Header Files</Filter>
    </ClInclude>
    <ClInclude Include="DDSTextureLoader.h">
      <Filter>Header Files</Filter>
    </ClInclude>
    <ClInclude Include="TexturedBox.h">
      <Filter>Header Files\GameView\DrawItems</Filter>
    </ClInclude>
    <ClInclude Include="TexturedPlane.h">
      <Filter>Header Files\GameView\DrawItems</Filter>
    </ClInclude>
    <ClInclude Include="Lights.h">
      <Filter>Header Files</Filter>
    </ClInclude>
    <ClInclude Include="LoadedDrawItem.h">
      <Filter>Header Files\GameView\DrawItems</Filter>
    </ClInclude>
    <ClInclude Include="IDrawItemComponent.h">
      <Filter>Header Files\GameView\DrawItemComponents</Filter>
    </ClInclude>
    <ClInclude Include="MoveOnInputDrawItemComponent.h">
      <Filter>Header Files\GameView\DrawItemComponents</Filter>
    </ClInclude>
  </ItemGroup>
  <ItemGroup>
    <None Include="Scene.fbx" />
  </ItemGroup>
</Project>